
Microsoft Visual Studio Solution File, Format Version 12.00
# Visual Studio 15
VisualStudioVersion = 15.0.28307.421
MinimumVisualStudioVersion = 10.0.40219.1
Project("{F5034706-568F-408A-B7B3-4D38C6DB8A32}") = "examclock", "examclock.pssproj", "{6CAFC0C6-A428-4D30-A9F9-700E829FEA51}"
EndProject
Project("{54435603-DBB4-11D2-8724-00A0C9A8B90C}") = "setup", "setup\setup.vdproj", "{35EA634B-0FFE-4982-BD42-03702C522947}"
EndProject
Project("{FAE04EC0-301F-11D3-BF4B-00C04F79EFBC}") = "examclock-sharp", "examclock-sharp\examclock-sharp.csproj", "{5A20AC5C-C54D-4EAA-A2A2-02899692913D}"
EndProject
Project("{2150E333-8FDC-42A3-9474-1A3956D46DE8}") = "Solution Items", "Solution Items", "{4CB17383-E4A1-42BE-839A-DBC80D0CA945}"
	ProjectSection(SolutionItems) = preProject
		README.md = README.md
	EndProjectSection
EndProject
Global
	GlobalSection(SolutionConfigurationPlatforms) = preSolution
		Debug|Any CPU = Debug|Any CPU
		Debug|x86 = Debug|x86
		Release|Any CPU = Release|Any CPU
		Release|x86 = Release|x86
	EndGlobalSection
	GlobalSection(ProjectConfigurationPlatforms) = postSolution
		{6CAFC0C6-A428-4D30-A9F9-700E829FEA51}.Debug|Any CPU.ActiveCfg = Debug|Any CPU
		{6CAFC0C6-A428-4D30-A9F9-700E829FEA51}.Debug|Any CPU.Build.0 = Debug|Any CPU
		{6CAFC0C6-A428-4D30-A9F9-700E829FEA51}.Debug|x86.ActiveCfg = Debug|Any CPU
		{6CAFC0C6-A428-4D30-A9F9-700E829FEA51}.Debug|x86.Build.0 = Debug|Any CPU
		{6CAFC0C6-A428-4D30-A9F9-700E829FEA51}.Release|Any CPU.ActiveCfg = Release|Any CPU
		{6CAFC0C6-A428-4D30-A9F9-700E829FEA51}.Release|Any CPU.Build.0 = Release|Any CPU
		{6CAFC0C6-A428-4D30-A9F9-700E829FEA51}.Release|x86.ActiveCfg = Release|Any CPU
		{6CAFC0C6-A428-4D30-A9F9-700E829FEA51}.Release|x86.Build.0 = Release|Any CPU
		{35EA634B-0FFE-4982-BD42-03702C522947}.Debug|Any CPU.ActiveCfg = Release
		{35EA634B-0FFE-4982-BD42-03702C522947}.Debug|Any CPU.Build.0 = Release
		{35EA634B-0FFE-4982-BD42-03702C522947}.Debug|x86.ActiveCfg = Debug
		{35EA634B-0FFE-4982-BD42-03702C522947}.Debug|x86.Build.0 = Debug
		{35EA634B-0FFE-4982-BD42-03702C522947}.Release|Any CPU.ActiveCfg = Release
		{35EA634B-0FFE-4982-BD42-03702C522947}.Release|Any CPU.Build.0 = Release
		{35EA634B-0FFE-4982-BD42-03702C522947}.Release|x86.ActiveCfg = Release
		{35EA634B-0FFE-4982-BD42-03702C522947}.Release|x86.Build.0 = Release
		{5A20AC5C-C54D-4EAA-A2A2-02899692913D}.Debug|Any CPU.ActiveCfg = Debug|Any CPU
		{5A20AC5C-C54D-4EAA-A2A2-02899692913D}.Debug|Any CPU.Build.0 = Debug|Any CPU
		{5A20AC5C-C54D-4EAA-A2A2-02899692913D}.Debug|x86.ActiveCfg = Debug|Any CPU
		{5A20AC5C-C54D-4EAA-A2A2-02899692913D}.Debug|x86.Build.0 = Debug|Any CPU
		{5A20AC5C-C54D-4EAA-A2A2-02899692913D}.Release|Any CPU.ActiveCfg = Release|Any CPU
		{5A20AC5C-C54D-4EAA-A2A2-02899692913D}.Release|Any CPU.Build.0 = Release|Any CPU
		{5A20AC5C-C54D-4EAA-A2A2-02899692913D}.Release|x86.ActiveCfg = Release|Any CPU
		{5A20AC5C-C54D-4EAA-A2A2-02899692913D}.Release|x86.Build.0 = Release|Any CPU
	EndGlobalSection
	GlobalSection(SolutionProperties) = preSolution
		HideSolutionNode = FALSE
	EndGlobalSection
	GlobalSection(ExtensibilityGlobals) = postSolution
		SolutionGuid = {D4A7E1A6-7C76-462F-85F1-CF7BE56D1CDE}
	EndGlobalSection
EndGlobal
